// !$*UTF8*$!
{
	archiveVersion = 1;
	classes = {
	};
	objectVersion = 56;
	objects = {

/* Begin PBXBuildFile section */
		B570E1B32BB16AE200D1E61B /* CaptureProtectionExampleApp.swift in Sources */ = {isa = PBXBuildFile; fileRef = B570E1B22BB16AE200D1E61B /* CaptureProtectionExampleApp.swift */; };
		B570E1B52BB16AE200D1E61B /* ContentView.swift in Sources */ = {isa = PBXBuildFile; fileRef = B570E1B42BB16AE200D1E61B /* ContentView.swift */; };
		B570E1B72BB16AE300D1E61B /* Assets.xcassets in Resources */ = {isa = PBXBuildFile; fileRef = B570E1B62BB16AE300D1E61B /* Assets.xcassets */; };
		B570E1BB2BB16AE300D1E61B /* Preview Assets.xcassets in Resources */ = {isa = PBXBuildFile; fileRef = B570E1BA2BB16AE300D1E61B /* Preview Assets.xcassets */; };
		B570E1C52BB16AE300D1E61B /* CaptureProtectionExampleTests.swift in Sources */ = {isa = PBXBuildFile; fileRef = B570E1C42BB16AE300D1E61B /* CaptureProtectionExampleTests.swift */; };
		B570E1CF2BB16AE300D1E61B /* CaptureProtectionExampleUITests.swift in Sources */ = {isa = PBXBuildFile; fileRef = B570E1CE2BB16AE300D1E61B /* CaptureProtectionExampleUITests.swift */; };
		B570E1D12BB16AE300D1E61B /* CaptureProtectionExampleUITestsLaunchTests.swift in Sources */ = {isa = PBXBuildFile; fileRef = B570E1D02BB16AE300D1E61B /* CaptureProtectionExampleUITestsLaunchTests.swift */; };
/* End PBXBuildFile section */

/* Begin PBXContainerItemProxy section */
		B570E1C12BB16AE300D1E61B /* PBXContainerItemProxy */ = {
			isa = PBXContainerItemProxy;
			containerPortal = B570E1A72BB16AE200D1E61B /* Project object */;
			proxyType = 1;
			remoteGlobalIDString = B570E1AE2BB16AE200D1E61B;
			remoteInfo = CaptureProtectionExample;
		};
		B570E1CB2BB16AE300D1E61B /* PBXContainerItemProxy */ = {
			isa = PBXContainerItemProxy;
			containerPortal = B570E1A72BB16AE200D1E61B /* Project object */;
			proxyType = 1;
			remoteGlobalIDString = B570E1AE2BB16AE200D1E61B;
			remoteInfo = CaptureProtectionExample;
		};
/* End PBXContainerItemProxy section */

/* Begin PBXFileReference section */
		B570E1AF2BB16AE200D1E61B /* CaptureProtectionExample.app */ = {isa = PBXFileReference; explicitFileType = wrapper.application; includeInIndex = 0; path = CaptureProtectionExample.app; sourceTree = BUILT_PRODUCTS_DIR; };
		B570E1B22BB16AE200D1E61B /* CaptureProtectionExampleApp.swift */ = {isa = PBXFileReference; lastKnownFileType = sourcecode.swift; path = CaptureProtectionExampleApp.swift; sourceTree = "<group>"; };
		B570E1B42BB16AE200D1E61B /* ContentView.swift */ = {isa = PBXFileReference; lastKnownFileType = sourcecode.swift; path = ContentView.swift; sourceTree = "<group>"; };
		B570E1B62BB16AE300D1E61B /* Assets.xcassets */ = {isa = PBXFileReference; lastKnownFileType = folder.assetcatalog; path = Assets.xcassets; sourceTree = "<group>"; };
		B570E1B82BB16AE300D1E61B /* CaptureProtectionExample.entitlements */ = {isa = PBXFileReference; lastKnownFileType = text.plist.entitlements; path = CaptureProtectionExample.entitlements; sourceTree = "<group>"; };
		B570E1BA2BB16AE300D1E61B /* Preview Assets.xcassets */ = {isa = PBXFileReference; lastKnownFileType = folder.assetcatalog; path = "Preview Assets.xcassets"; sourceTree = "<group>"; };
		B570E1C02BB16AE300D1E61B /* CaptureProtectionExampleTests.xctest */ = {isa = PBXFileReference; explicitFileType = wrapper.cfbundle; includeInIndex = 0; path = CaptureProtectionExampleTests.xctest; sourceTree = BUILT_PRODUCTS_DIR; };
		B570E1C42BB16AE300D1E61B /* CaptureProtectionExampleTests.swift */ = {isa = PBXFileReference; lastKnownFileType = sourcecode.swift; path = CaptureProtectionExampleTests.swift; sourceTree = "<group>"; };
		B570E1CA2BB16AE300D1E61B /* CaptureProtectionExampleUITests.xctest */ = {isa = PBXFileReference; explicitFileType = wrapper.cfbundle; includeInIndex = 0; path = CaptureProtectionExampleUITests.xctest; sourceTree = BUILT_PRODUCTS_DIR; };
		B570E1CE2BB16AE300D1E61B /* CaptureProtectionExampleUITests.swift */ = {isa = PBXFileReference; lastKnownFileType = sourcecode.swift; path = CaptureProtectionExampleUITests.swift; sourceTree = "<group>"; };
		B570E1D02BB16AE300D1E61B /* CaptureProtectionExampleUITestsLaunchTests.swift */ = {isa = PBXFileReference; lastKnownFileType = sourcecode.swift; path = CaptureProtectionExampleUITestsLaunchTests.swift; sourceTree = "<group>"; };
/* End PBXFileReference section */

/* Begin PBXFrameworksBuildPhase section */
		B570E1AC2BB16AE200D1E61B /* Frameworks */ = {
			isa = PBXFrameworksBuildPhase;
			buildActionMask = 2147483647;
			files = (
			);
			runOnlyForDeploymentPostprocessing = 0;
		};
		B570E1BD2BB16AE300D1E61B /* Frameworks */ = {
			isa = PBXFrameworksBuildPhase;
			buildActionMask = 2147483647;
			files = (
			);
			runOnlyForDeploymentPostprocessing = 0;
		};
		B570E1C72BB16AE300D1E61B /* Frameworks */ = {
			isa = PBXFrameworksBuildPhase;
			buildActionMask = 2147483647;
			files = (
			);
			runOnlyForDeploymentPostprocessing = 0;
		};
/* End PBXFrameworksBuildPhase section */

/* Begin PBXGroup section */
		B570E1A62BB16AE200D1E61B = {
			isa = PBXGroup;
			children = (
				B570E1B12BB16AE200D1E61B /* CaptureProtectionExample */,
				B570E1C32BB16AE300D1E61B /* CaptureProtectionExampleTests */,
				B570E1CD2BB16AE300D1E61B /* CaptureProtectionExampleUITests */,
				B570E1B02BB16AE200D1E61B /* Products */,
			);
			sourceTree = "<group>";
		};
		B570E1B02BB16AE200D1E61B /* Products */ = {
			isa = PBXGroup;
			children = (
				B570E1AF2BB16AE200D1E61B /* CaptureProtectionExample.app */,
				B570E1C02BB16AE300D1E61B /* CaptureProtectionExampleTests.xctest */,
				B570E1CA2BB16AE300D1E61B /* CaptureProtectionExampleUITests.xctest */,
			);
			name = Products;
			sourceTree = "<group>";
		};
		B570E1B12BB16AE200D1E61B /* CaptureProtectionExample */ = {
			isa = PBXGroup;
			children = (
				B570E1B22BB16AE200D1E61B /* CaptureProtectionExampleApp.swift */,
				B570E1B42BB16AE200D1E61B /* ContentView.swift */,
				B570E1B62BB16AE300D1E61B /* Assets.xcassets */,
				B570E1B82BB16AE300D1E61B /* CaptureProtectionExample.entitlements */,
				B570E1B92BB16AE300D1E61B /* Preview Content */,
			);
			path = CaptureProtectionExample;
			sourceTree = "<group>";
		};
		B570E1B92BB16AE300D1E61B /* Preview Content */ = {
			isa = PBXGroup;
			children = (
				B570E1BA2BB16AE300D1E61B /* Preview Assets.xcassets */,
			);
			path = "Preview Content";
			sourceTree = "<group>";
		};
		B570E1C32BB16AE300D1E61B /* CaptureProtectionExampleTests */ = {
			isa = PBXGroup;
			children = (
				B570E1C42BB16AE300D1E61B /* CaptureProtectionExampleTests.swift */,
			);
			path = CaptureProtectionExampleTests;
			sourceTree = "<group>";
		};
		B570E1CD2BB16AE300D1E61B /* CaptureProtectionExampleUITests */ = {
			isa = PBXGroup;
			children = (
				B570E1CE2BB16AE300D1E61B /* CaptureProtectionExampleUITests.swift */,
				B570E1D02BB16AE300D1E61B /* CaptureProtectionExampleUITestsLaunchTests.swift */,
			);
			path = CaptureProtectionExampleUITests;
			sourceTree = "<group>";
		};
/* End PBXGroup section */

/* Begin PBXNativeTarget section */
		B570E1AE2BB16AE200D1E61B /* CaptureProtectionExample */ = {
			isa = PBXNativeTarget;
			buildConfigurationList = B570E1D42BB16AE300D1E61B /* Build configuration list for PBXNativeTarget "CaptureProtectionExample" */;
			buildPhases = (
				B570E1AB2BB16AE200D1E61B /* Sources */,
				B570E1AC2BB16AE200D1E61B /* Frameworks */,
				B570E1AD2BB16AE200D1E61B /* Resources */,
			);
			buildRules = (
			);
			dependencies = (
			);
			name = CaptureProtectionExample;
			productName = CaptureProtectionExample;
			productReference = B570E1AF2BB16AE200D1E61B /* CaptureProtectionExample.app */;
			productType = "com.apple.product-type.application";
		};
		B570E1BF2BB16AE300D1E61B /* CaptureProtectionExampleTests */ = {
			isa = PBXNativeTarget;
			buildConfigurationList = B570E1D72BB16AE300D1E61B /* Build configuration list for PBXNativeTarget "CaptureProtectionExampleTests" */;
			buildPhases = (
				B570E1BC2BB16AE300D1E61B /* Sources */,
				B570E1BD2BB16AE300D1E61B /* Frameworks */,
				B570E1BE2BB16AE300D1E61B /* Resources */,
			);
			buildRules = (
			);
			dependencies = (
				B570E1C22BB16AE300D1E61B /* PBXTargetDependency */,
			);
			name = CaptureProtectionExampleTests;
			productName = CaptureProtectionExampleTests;
			productReference = B570E1C02BB16AE300D1E61B /* CaptureProtectionExampleTests.xctest */;
			productType = "com.apple.product-type.bundle.unit-test";
		};
		B570E1C92BB16AE300D1E61B /* CaptureProtectionExampleUITests */ = {
			isa = PBXNativeTarget;
			buildConfigurationList = B570E1DA2BB16AE300D1E61B /* Build configuration list for PBXNativeTarget "CaptureProtectionExampleUITests" */;
			buildPhases = (
				B570E1C62BB16AE300D1E61B /* Sources */,
				B570E1C72BB16AE300D1E61B /* Frameworks */,
				B570E1C82BB16AE300D1E61B /* Resources */,
			);
			buildRules = (
			);
			dependencies = (
				B570E1CC2BB16AE300D1E61B /* PBXTargetDependency */,
			);
			name = CaptureProtectionExampleUITests;
			productName = CaptureProtectionExampleUITests;
			productReference = B570E1CA2BB16AE300D1E61B /* CaptureProtectionExampleUITests.xctest */;
			productType = "com.apple.product-type.bundle.ui-testing";
		};
/* End PBXNativeTarget section */

/* Begin PBXProject section */
		B570E1A72BB16AE200D1E61B /* Project object */ = {
			isa = PBXProject;
			attributes = {
				BuildIndependentTargetsInParallel = 1;
				LastSwiftUpdateCheck = 1530;
				LastUpgradeCheck = 1530;
				TargetAttributes = {
					B570E1AE2BB16AE200D1E61B = {
						CreatedOnToolsVersion = 15.3;
					};
					B570E1BF2BB16AE300D1E61B = {
						CreatedOnToolsVersion = 15.3;
						TestTargetID = B570E1AE2BB16AE200D1E61B;
					};
					B570E1C92BB16AE300D1E61B = {
						CreatedOnToolsVersion = 15.3;
						TestTargetID = B570E1AE2BB16AE200D1E61B;
					};
				};
			};
			buildConfigurationList = B570E1AA2BB16AE200D1E61B /* Build configuration list for PBXProject "CaptureProtectionExample" */;
			compatibilityVersion = "Xcode 14.0";
			developmentRegion = en;
			hasScannedForEncodings = 0;
			knownRegions = (
				en,
				Base,
			);
			mainGroup = B570E1A62BB16AE200D1E61B;
			productRefGroup = B570E1B02BB16AE200D1E61B /* Products */;
			projectDirPath = "";
			projectRoot = "";
			targets = (
				B570E1AE2BB16AE200D1E61B /* CaptureProtectionExample */,
				B570E1BF2BB16AE300D1E61B /* CaptureProtectionExampleTests */,
				B570E1C92BB16AE300D1E61B /* CaptureProtectionExampleUITests */,
			);
		};
/* End PBXProject section */

/* Begin PBXResourcesBuildPhase section */
		B570E1AD2BB16AE200D1E61B /* Resources */ = {
			isa = PBXResourcesBuildPhase;
			buildActionMask = 2147483647;
			files = (
				B570E1BB2BB16AE300D1E61B /* Preview Assets.xcassets in Resources */,
				B570E1B72BB16AE300D1E61B /* Assets.xcassets in Resources */,
			);
			runOnlyForDeploymentPostprocessing = 0;
		};
		B570E1BE2BB16AE300D1E61B /* Resources */ = {
			isa = PBXResourcesBuildPhase;
			buildActionMask = 2147483647;
			files = (
			);
			runOnlyForDeploymentPostprocessing = 0;
		};
		B570E1C82BB16AE300D1E61B /* Resources */ = {
			isa = PBXResourcesBuildPhase;
			buildActionMask = 2147483647;
			files = (
			);
			runOnlyForDeploymentPostprocessing = 0;
		};
/* End PBXResourcesBuildPhase section */

/* Begin PBXSourcesBuildPhase section */
		B570E1AB2BB16AE200D1E61B /* Sources */ = {
			isa = PBXSourcesBuildPhase;
			buildActionMask = 2147483647;
			files = (
				B570E1B52BB16AE200D1E61B /* ContentView.swift in Sources */,
				B570E1B32BB16AE200D1E61B /* CaptureProtectionExampleApp.swift in Sources */,
			);
			runOnlyForDeploymentPostprocessing = 0;
		};
		B570E1BC2BB16AE300D1E61B /* Sources */ = {
			isa = PBXSourcesBuildPhase;
			buildActionMask = 2147483647;
			files = (
				B570E1C52BB16AE300D1E61B /* CaptureProtectionExampleTests.swift in Sources */,
			);
			runOnlyForDeploymentPostprocessing = 0;
		};
		B570E1C62BB16AE300D1E61B /* Sources */ = {
			isa = PBXSourcesBuildPhase;
			buildActionMask = 2147483647;
			files = (
				B570E1CF2BB16AE300D1E61B /* CaptureProtectionExampleUITests.swift in Sources */,
				B570E1D12BB16AE300D1E61B /* CaptureProtectionExampleUITestsLaunchTests.swift in Sources */,
			);
			runOnlyForDeploymentPostprocessing = 0;
		};
/* End PBXSourcesBuildPhase section */

/* Begin PBXTargetDependency section */
		B570E1C22BB16AE300D1E61B /* PBXTargetDependency */ = {
			isa = PBXTargetDependency;
			target = B570E1AE2BB16AE200D1E61B /* CaptureProtectionExample */;
			targetProxy = B570E1C12BB16AE300D1E61B /* PBXContainerItemProxy */;
		};
		B570E1CC2BB16AE300D1E61B /* PBXTargetDependency */ = {
			isa = PBXTargetDependency;
			target = B570E1AE2BB16AE200D1E61B /* CaptureProtectionExample */;
			targetProxy = B570E1CB2BB16AE300D1E61B /* PBXContainerItemProxy */;
		};
/* End PBXTargetDependency section */

/* Begin XCBuildConfiguration section */
		B570E1D22BB16AE300D1E61B /* Debug */ = {
			isa = XCBuildConfiguration;
			buildSettings = {
				ALWAYS_SEARCH_USER_PATHS = NO;
				ASSETCATALOG_COMPILER_GENERATE_SWIFT_ASSET_SYMBOL_EXTENSIONS = YES;
				CLANG_ANALYZER_NONNULL = YES;
				CLANG_ANALYZER_NUMBER_OBJECT_CONVERSION = YES_AGGRESSIVE;
				CLANG_CXX_LANGUAGE_STANDARD = "gnu++20";
				CLANG_ENABLE_MODULES = YES;
				CLANG_ENABLE_OBJC_ARC = YES;
				CLANG_ENABLE_OBJC_WEAK = YES;
				CLANG_WARN_BLOCK_CAPTURE_AUTORELEASING = YES;
				CLANG_WARN_BOOL_CONVERSION = YES;
				CLANG_WARN_COMMA = YES;
				CLANG_WARN_CONSTANT_CONVERSION = YES;
				CLANG_WARN_DEPRECATED_OBJC_IMPLEMENTATIONS = YES;
				CLANG_WARN_DIRECT_OBJC_ISA_USAGE = YES_ERROR;
				CLANG_WARN_DOCUMENTATION_COMMENTS = YES;
				CLANG_WARN_EMPTY_BODY = YES;
				CLANG_WARN_ENUM_CONVERSION = YES;
				CLANG_WARN_INFINITE_RECURSION = YES;
				CLANG_WARN_INT_CONVERSION = YES;
				CLANG_WARN_NON_LITERAL_NULL_CONVERSION = YES;
				CLANG_WARN_OBJC_IMPLICIT_RETAIN_SELF = YES;
				CLANG_WARN_OBJC_LITERAL_CONVERSION = YES;
				CLANG_WARN_OBJC_ROOT_CLASS = YES_ERROR;
				CLANG_WARN_QUOTED_INCLUDE_IN_FRAMEWORK_HEADER = YES;
				CLANG_WARN_RANGE_LOOP_ANALYSIS = YES;
				CLANG_WARN_STRICT_PROTOTYPES = YES;
				CLANG_WARN_SUSPICIOUS_MOVE = YES;
				CLANG_WARN_UNGUARDED_AVAILABILITY = YES_AGGRESSIVE;
				CLANG_WARN_UNREACHABLE_CODE = YES;
				CLANG_WARN__DUPLICATE_METHOD_MATCH = YES;
				COPY_PHASE_STRIP = NO;
				DEBUG_INFORMATION_FORMAT = dwarf;
				ENABLE_STRICT_OBJC_MSGSEND = YES;
				ENABLE_TESTABILITY = YES;
				ENABLE_USER_SCRIPT_SANDBOXING = YES;
				GCC_C_LANGUAGE_STANDARD = gnu17;
				GCC_DYNAMIC_NO_PIC = NO;
				GCC_NO_COMMON_BLOCKS = YES;
				GCC_OPTIMIZATION_LEVEL = 0;
				GCC_PREPROCESSOR_DEFINITIONS = (
					"DEBUG=1",
					"$(inherited)",
				);
				GCC_WARN_64_TO_32_BIT_CONVERSION = YES;
				GCC_WARN_ABOUT_RETURN_TYPE = YES_ERROR;
				GCC_WARN_UNDECLARED_SELECTOR = YES;
				GCC_WARN_UNINITIALIZED_AUTOS = YES_AGGRESSIVE;
				GCC_WARN_UNUSED_FUNCTION = YES;
				GCC_WARN_UNUSED_VARIABLE = YES;
				LOCALIZATION_PREFERS_STRING_CATALOGS = YES;
				MTL_ENABLE_DEBUG_INFO = INCLUDE_SOURCE;
				MTL_FAST_MATH = YES;
				ONLY_ACTIVE_ARCH = YES;
				SWIFT_ACTIVE_COMPILATION_CONDITIONS = "DEBUG $(inherited)";
				SWIFT_OPTIMIZATION_LEVEL = "-Onone";
			};
			name = Debug;
		};
		B570E1D32BB16AE300D1E61B /* Release */ = {
			isa = XCBuildConfiguration;
			buildSettings = {
				ALWAYS_SEARCH_USER_PATHS = NO;
				ASSETCATALOG_COMPILER_GENERATE_SWIFT_ASSET_SYMBOL_EXTENSIONS = YES;
				CLANG_ANALYZER_NONNULL = YES;
				CLANG_ANALYZER_NUMBER_OBJECT_CONVERSION = YES_AGGRESSIVE;
				CLANG_CXX_LANGUAGE_STANDARD = "gnu++20";
				CLANG_ENABLE_MODULES = YES;
				CLANG_ENABLE_OBJC_ARC = YES;
				CLANG_ENABLE_OBJC_WEAK = YES;
				CLANG_WARN_BLOCK_CAPTURE_AUTORELEASING = YES;
				CLANG_WARN_BOOL_CONVERSION = YES;
				CLANG_WARN_COMMA = YES;
				CLANG_WARN_CONSTANT_CONVERSION = YES;
				CLANG_WARN_DEPRECATED_OBJC_IMPLEMENTATIONS = YES;
				CLANG_WARN_DIRECT_OBJC_ISA_USAGE = YES_ERROR;
				CLANG_WARN_DOCUMENTATION_COMMENTS = YES;
				CLANG_WARN_EMPTY_BODY = YES;
				CLANG_WARN_ENUM_CONVERSION = YES;
				CLANG_WARN_INFINITE_RECURSION = YES;
				CLANG_WARN_INT_CONVERSION = YES;
				CLANG_WARN_NON_LITERAL_NULL_CONVERSION = YES;
				CLANG_WARN_OBJC_IMPLICIT_RETAIN_SELF = YES;
				CLANG_WARN_OBJC_LITERAL_CONVERSION = YES;
				CLANG_WARN_OBJC_ROOT_CLASS = YES_ERROR;
				CLANG_WARN_QUOTED_INCLUDE_IN_FRAMEWORK_HEADER = YES;
				CLANG_WARN_RANGE_LOOP_ANALYSIS = YES;
				CLANG_WARN_STRICT_PROTOTYPES = YES;
				CLANG_WARN_SUSPICIOUS_MOVE = YES;
				CLANG_WARN_UNGUARDED_AVAILABILITY = YES_AGGRESSIVE;
				CLANG_WARN_UNREACHABLE_CODE = YES;
				CLANG_WARN__DUPLICATE_METHOD_MATCH = YES;
				COPY_PHASE_STRIP = NO;
				DEBUG_INFORMATION_FORMAT = "dwarf-with-dsym";
				ENABLE_NS_ASSERTIONS = NO;
				ENABLE_STRICT_OBJC_MSGSEND = YES;
				ENABLE_USER_SCRIPT_SANDBOXING = YES;
				GCC_C_LANGUAGE_STANDARD = gnu17;
				GCC_NO_COMMON_BLOCKS = YES;
				GCC_WARN_64_TO_32_BIT_CONVERSION = YES;
				GCC_WARN_ABOUT_RETURN_TYPE = YES_ERROR;
				GCC_WARN_UNDECLARED_SELECTOR = YES;
				GCC_WARN_UNINITIALIZED_AUTOS = YES_AGGRESSIVE;
				GCC_WARN_UNUSED_FUNCTION = YES;
				GCC_WARN_UNUSED_VARIABLE = YES;
				LOCALIZATION_PREFERS_STRING_CATALOGS = YES;
				MTL_ENABLE_DEBUG_INFO = NO;
				MTL_FAST_MATH = YES;
				SWIFT_COMPILATION_MODE = wholemodule;
			};
			name = Release;
		};
		B570E1D52BB16AE300D1E61B /* Debug */ = {
			isa = XCBuildConfiguration;
			buildSettings = {
				ASSETCATALOG_COMPILER_APPICON_NAME = AppIcon;
				ASSETCATALOG_COMPILER_GLOBAL_ACCENT_COLOR_NAME = AccentColor;
				CODE_SIGN_ENTITLEMENTS = CaptureProtectionExample/CaptureProtectionExample.entitlements;
				CODE_SIGN_STYLE = Automatic;
				CURRENT_PROJECT_VERSION = 1;
				DEVELOPMENT_ASSET_PATHS = "\"CaptureProtectionExample/Preview Content\"";
				DEVELOPMENT_TEAM = V2YNV9QV27;
				ENABLE_HARDENED_RUNTIME = YES;
				ENABLE_PREVIEWS = YES;
				GENERATE_INFOPLIST_FILE = YES;
				"INFOPLIST_KEY_UIApplicationSceneManifest_Generation[sdk=iphoneos*]" = YES;
				"INFOPLIST_KEY_UIApplicationSceneManifest_Generation[sdk=iphonesimulator*]" = YES;
				"INFOPLIST_KEY_UIApplicationSupportsIndirectInputEvents[sdk=iphoneos*]" = YES;
				"INFOPLIST_KEY_UIApplicationSupportsIndirectInputEvents[sdk=iphonesimulator*]" = YES;
				"INFOPLIST_KEY_UILaunchScreen_Generation[sdk=iphoneos*]" = YES;
				"INFOPLIST_KEY_UILaunchScreen_Generation[sdk=iphonesimulator*]" = YES;
				"INFOPLIST_KEY_UIStatusBarStyle[sdk=iphoneos*]" = UIStatusBarStyleDefault;
				"INFOPLIST_KEY_UIStatusBarStyle[sdk=iphonesimulator*]" = UIStatusBarStyleDefault;
				INFOPLIST_KEY_UISupportedInterfaceOrientations_iPad = "UIInterfaceOrientationPortrait UIInterfaceOrientationPortraitUpsideDown UIInterfaceOrientationLandscapeLeft UIInterfaceOrientationLandscapeRight";
				INFOPLIST_KEY_UISupportedInterfaceOrientations_iPhone = "UIInterfaceOrientationPortrait UIInterfaceOrientationLandscapeLeft UIInterfaceOrientationLandscapeRight";
				IPHONEOS_DEPLOYMENT_TARGET = 17.4;
				LD_RUNPATH_SEARCH_PATHS = "@executable_path/Frameworks";
				"LD_RUNPATH_SEARCH_PATHS[sdk=macosx*]" = "@executable_path/../Frameworks";
				MACOSX_DEPLOYMENT_TARGET = 14.1;
				MARKETING_VERSION = 1.0;
				PRODUCT_BUNDLE_IDENTIFIER = iodsev.sw.CaptureProtectionExample;
				PRODUCT_NAME = "$(TARGET_NAME)";
				SDKROOT = auto;
				SUPPORTED_PLATFORMS = "iphoneos iphonesimulator macosx";
				SWIFT_EMIT_LOC_STRINGS = YES;
				SWIFT_VERSION = 5.0;
				TARGETED_DEVICE_FAMILY = "1,2";
			};
			name = Debug;
		};
		B570E1D62BB16AE300D1E61B /* Release */ = {
			isa = XCBuildConfiguration;
			buildSettings = {
				ASSETCATALOG_COMPILER_APPICON_NAME = AppIcon;
				ASSETCATALOG_COMPILER_GLOBAL_ACCENT_COLOR_NAME = AccentColor;
				CODE_SIGN_ENTITLEMENTS = CaptureProtectionExample/CaptureProtectionExample.entitlements;
				CODE_SIGN_STYLE = Automatic;
				CURRENT_PROJECT_VERSION = 1;
				DEVELOPMENT_ASSET_PATHS = "\"CaptureProtectionExample/Preview Content\"";
				DEVELOPMENT_TEAM = V2YNV9QV27;
				ENABLE_HARDENED_RUNTIME = YES;
				ENABLE_PREVIEWS = YES;
				GENERATE_INFOPLIST_FILE = YES;
				"INFOPLIST_KEY_UIApplicationSceneManifest_Generation[sdk=iphoneos*]" = YES;
				"INFOPLIST_KEY_UIApplicationSceneManifest_Generation[sdk=iphonesimulator*]" = YES;
				"INFOPLIST_KEY_UIApplicationSupportsIndirectInputEvents[sdk=iphoneos*]" = YES;
				"INFOPLIST_KEY_UIApplicationSupportsIndirectInputEvents[sdk=iphonesimulator*]" = YES;
				"INFOPLIST_KEY_UILaunchScreen_Generation[sdk=iphoneos*]" = YES;
				"INFOPLIST_KEY_UILaunchScreen_Generation[sdk=iphonesimulator*]" = YES;
				"INFOPLIST_KEY_UIStatusBarStyle[sdk=iphoneos*]" = UIStatusBarStyleDefault;
				"INFOPLIST_KEY_UIStatusBarStyle[sdk=iphonesimulator*]" = UIStatusBarStyleDefault;
				INFOPLIST_KEY_UISupportedInterfaceOrientations_iPad = "UIInterfaceOrientationPortrait UIInterfaceOrientationPortraitUpsideDown UIInterfaceOrientationLandscapeLeft UIInterfaceOrientationLandscapeRight";
				INFOPLIST_KEY_UISupportedInterfaceOrientations_iPhone = "UIInterfaceOrientationPortrait UIInterfaceOrientationLandscapeLeft UIInterfaceOrientationLandscapeRight";
				IPHONEOS_DEPLOYMENT_TARGET = 17.4;
				LD_RUNPATH_SEARCH_PATHS = "@executable_path/Frameworks";
				"LD_RUNPATH_SEARCH_PATHS[sdk=macosx*]" = "@executable_path/../Frameworks";
				MACOSX_DEPLOYMENT_TARGET = 14.1;
				MARKETING_VERSION = 1.0;
				PRODUCT_BUNDLE_IDENTIFIER = iodsev.sw.CaptureProtectionExample;
				PRODUCT_NAME = "$(TARGET_NAME)";
				SDKROOT = auto;
				SUPPORTED_PLATFORMS = "iphoneos iphonesimulator macosx";
				SWIFT_EMIT_LOC_STRINGS = YES;
				SWIFT_VERSION = 5.0;
				TARGETED_DEVICE_FAMILY = "1,2";
			};
			name = Release;
		};
		B570E1D82BB16AE300D1E61B /* Debug */ = {
			isa = XCBuildConfiguration;
			buildSettings = {
				ALWAYS_EMBED_SWIFT_STANDARD_LIBRARIES = YES;
				BUNDLE_LOADER = "$(TEST_HOST)";
				CODE_SIGN_STYLE = Automatic;
				CURRENT_PROJECT_VERSION = 1;
				DEVELOPMENT_TEAM = V2YNV9QV27;
				GENERATE_INFOPLIST_FILE = YES;
				IPHONEOS_DEPLOYMENT_TARGET = 17.4;
				MACOSX_DEPLOYMENT_TARGET = 14.1;
				MARKETING_VERSION = 1.0;
				PRODUCT_BUNDLE_IDENTIFIER = iodsev.sw.CaptureProtectionExampleTests;
				PRODUCT_NAME = "$(TARGET_NAME)";
				SDKROOT = auto;
				SUPPORTED_PLATFORMS = "iphoneos iphonesimulator macosx";
				SWIFT_EMIT_LOC_STRINGS = NO;
				SWIFT_VERSION = 5.0;
				TARGETED_DEVICE_FAMILY = "1,2";
				TEST_HOST = "$(BUILT_PRODUCTS_DIR)/CaptureProtectionExample.app/$(BUNDLE_EXECUTABLE_FOLDER_PATH)/CaptureProtectionExample";
			};
			name = Debug;
		};
		B570E1D92BB16AE300D1E61B /* Release */ = {
			isa = XCBuildConfiguration;
			buildSettings = {
				ALWAYS_EMBED_SWIFT_STANDARD_LIBRARIES = YES;
				BUNDLE_LOADER = "$(TEST_HOST)";
				CODE_SIGN_STYLE = Automatic;
				CURRENT_PROJECT_VERSION = 1;
				DEVELOPMENT_TEAM = V2YNV9QV27;
				GENERATE_INFOPLIST_FILE = YES;
				IPHONEOS_DEPLOYMENT_TARGET = 17.4;
				MACOSX_DEPLOYMENT_TARGET = 14.1;
				MARKETING_VERSION = 1.0;
				PRODUCT_BUNDLE_IDENTIFIER = iodsev.sw.CaptureProtectionExampleTests;
				PRODUCT_NAME = "$(TARGET_NAME)";
				SDKROOT = auto;
				SUPPORTED_PLATFORMS = "iphoneos iphonesimulator macosx";
				SWIFT_EMIT_LOC_STRINGS = NO;
				SWIFT_VERSION = 5.0;
				TARGETED_DEVICE_FAMILY = "1,2";
				TEST_HOST = "$(BUILT_PRODUCTS_DIR)/CaptureProtectionExample.app/$(BUNDLE_EXECUTABLE_FOLDER_PATH)/CaptureProtectionExample";
			};
			name = Release;
		};
		B570E1DB2BB16AE300D1E61B /* Debug */ = {
			isa = XCBuildConfiguration;
			buildSettings = {
				ALWAYS_EMBED_SWIFT_STANDARD_LIBRARIES = YES;
				CODE_SIGN_STYLE = Automatic;
				CURRENT_PROJECT_VERSION = 1;
				DEVELOPMENT_TEAM = V2YNV9QV27;
				GENERATE_INFOPLIST_FILE = YES;
				IPHONEOS_DEPLOYMENT_TARGET = 17.4;
				MACOSX_DEPLOYMENT_TARGET = 14.1;
				MARKETING_VERSION = 1.0;
				PRODUCT_BUNDLE_IDENTIFIER = iodsev.sw.CaptureProtectionExampleUITests;
				PRODUCT_NAME = "$(TARGET_NAME)";
				SDKROOT = auto;
				SUPPORTED_PLATFORMS = "iphoneos iphonesimulator macosx";
				SWIFT_EMIT_LOC_STRINGS = NO;
				SWIFT_VERSION = 5.0;
				TARGETED_DEVICE_FAMILY = "1,2";
				TEST_TARGET_NAME = CaptureProtectionExample;
			};
			name = Debug;
		};
		B570E1DC2BB16AE300D1E61B /* Release */ = {
			isa = XCBuildConfiguration;
			buildSettings = {
				ALWAYS_EMBED_SWIFT_STANDARD_LIBRARIES = YES;
				CODE_SIGN_STYLE = Automatic;
				CURRENT_PROJECT_VERSION = 1;
				DEVELOPMENT_TEAM = V2YNV9QV27;
				GENERATE_INFOPLIST_FILE = YES;
				IPHONEOS_DEPLOYMENT_TARGET = 17.4;
				MACOSX_DEPLOYMENT_TARGET = 14.1;
				MARKETING_VERSION = 1.0;
				PRODUCT_BUNDLE_IDENTIFIER = iodsev.sw.CaptureProtectionExampleUITests;
				PRODUCT_NAME = "$(TARGET_NAME)";
				SDKROOT = auto;
				SUPPORTED_PLATFORMS = "iphoneos iphonesimulator macosx";
				SWIFT_EMIT_LOC_STRINGS = NO;
				SWIFT_VERSION = 5.0;
				TARGETED_DEVICE_FAMILY = "1,2";
				TEST_TARGET_NAME = CaptureProtectionExample;
			};
			name = Release;
		};
/* End XCBuildConfiguration section */

/* Begin XCConfigurationList section */
		B570E1AA2BB16AE200D1E61B /* Build configuration list for PBXProject "CaptureProtectionExample" */ = {
			isa = XCConfigurationList;
			buildConfigurations = (
				B570E1D22BB16AE300D1E61B /* Debug */,
				B570E1D32BB16AE300D1E61B /* Release */,
			);
			defaultConfigurationIsVisible = 0;
			defaultConfigurationName = Release;
		};
		B570E1D42BB16AE300D1E61B /* Build configuration list for PBXNativeTarget "CaptureProtectionExample" */ = {
			isa = XCConfigurationList;
			buildConfigurations = (
				B570E1D52BB16AE300D1E61B /* Debug */,
				B570E1D62BB16AE300D1E61B /* Release */,
			);
			defaultConfigurationIsVisible = 0;
			defaultConfigurationName = Release;
		};
		B570E1D72BB16AE300D1E61B /* Build configuration list for PBXNativeTarget "CaptureProtectionExampleTests" */ = {
			isa = XCConfigurationList;
			buildConfigurations = (
				B570E1D82BB16AE300D1E61B /* Debug */,
				B570E1D92BB16AE300D1E61B /* Release */,
			);
			defaultConfigurationIsVisible = 0;
			defaultConfigurationName = Release;
		};
		B570E1DA2BB16AE300D1E61B /* Build configuration list for PBXNativeTarget "CaptureProtectionExampleUITests" */ = {
			isa = XCConfigurationList;
			buildConfigurations = (
				B570E1DB2BB16AE300D1E61B /* Debug */,
				B570E1DC2BB16AE300D1E61B /* Release */,
			);
			defaultConfigurationIsVisible = 0;
			defaultConfigurationName = Release;
		};
/* End XCConfigurationList section */
	};
	rootObject = B570E1A72BB16AE200D1E61B /* Project object */;
}
